{
  "name": "qiniuClient",
  "version": "0.1.0",
  "lockfileVersion": 1,
  "requires": true,
  "dependencies": {
    "address": {
      "version": "https://registry.npmjs.org/address/-/address-1.0.3.tgz",
      "integrity": "sha1-tfUGMfjWzsi9IMljljr7VeBsvOk="
    },
    "agentkeepalive": {
      "version": "https://registry.npmjs.org/agentkeepalive/-/agentkeepalive-3.3.0.tgz",
      "integrity": "sha1-bV3lgpr9O+JxIgGjknX9EcZRhXw=",
      "requires": {
        "humanize-ms": "https://registry.npmjs.org/humanize-ms/-/humanize-ms-1.2.1.tgz"
      }
    },
    "animate.css": {
      "version": "https://registry.npmjs.org/animate.css/-/animate.css-3.5.2.tgz",
      "integrity": "sha1-keZo3AaagI5eSZUUhnuXquAWbDY="
    },
    "any-promise": {
      "version": "https://registry.npmjs.org/any-promise/-/any-promise-1.3.0.tgz",
      "integrity": "sha1-q8av7tzqUugJzcA3au0845Y10X8="
    },
    "async": {
      "version": "https://registry.npmjs.org/async/-/async-2.5.0.tgz",
      "integrity": "sha1-hDGQ/WtzV6C54clW7d3V7IRitU0=",
      "requires": {
        "lodash": "https://registry.npmjs.org/lodash/-/lodash-4.17.4.tgz"
      }
    },
    "async-validator": {
      "version": "https://registry.npmjs.org/async-validator/-/async-validator-1.8.1.tgz",
      "integrity": "sha1-ZmV4jKOSaa93Dl7gLw5VfyQ40so=",
      "requires": {
        "babel-runtime": "https://registry.npmjs.org/babel-runtime/-/babel-runtime-6.26.0.tgz"
      }
    },
    "axios": {
      "version": "https://registry.npmjs.org/axios/-/axios-0.16.2.tgz",
      "integrity": "sha1-uk+S8XFn37q0CYN4VFS5rBScPG0=",
      "requires": {
        "follow-redirects": "https://registry.npmjs.org/follow-redirects/-/follow-redirects-1.2.4.tgz",
        "is-buffer": "http://registry.npm.taobao.org/is-buffer/download/is-buffer-1.1.5.tgz"
      }
    },
    "babel-runtime": {
      "version": "https://registry.npmjs.org/babel-runtime/-/babel-runtime-6.26.0.tgz",
      "integrity": "sha1-llxwWGaOgrVde/4E/yM3vItWR/4=",
      "requires": {
        "core-js": "https://registry.npmjs.org/core-js/-/core-js-2.5.1.tgz",
        "regenerator-runtime": "https://registry.npmjs.org/regenerator-runtime/-/regenerator-runtime-0.11.0.tgz"
      }
    },
    "balanced-match": {
      "version": "https://registry.npmjs.org/balanced-match/-/balanced-match-1.0.0.tgz",
      "integrity": "sha1-ibTRmasr7kneFk6gK4nORi1xt2c="
    },
    "batch-processor": {
      "version": "https://registry.npmjs.org/batch-processor/-/batch-processor-1.0.0.tgz",
      "integrity": "sha1-dclcMrdI4IUNEMKxaPa9vpiRrOg="
    },
    "brace-expansion": {
      "version": "https://registry.npmjs.org/brace-expansion/-/brace-expansion-1.1.8.tgz",
      "integrity": "sha1-wHshHHyVLsH479Uad+8NHTmQopI=",
      "requires": {
        "balanced-match": "https://registry.npmjs.org/balanced-match/-/balanced-match-1.0.0.tgz",
        "concat-map": "https://registry.npmjs.org/concat-map/-/concat-map-0.0.1.tgz"
      }
    },
    "concat-map": {
      "version": "https://registry.npmjs.org/concat-map/-/concat-map-0.0.1.tgz",
      "integrity": "sha1-2Klr13/Wjfd5OnMDajug1UBdR3s="
    },
    "content-type": {
      "version": "http://registry.npm.taobao.org/content-type/download/content-type-1.0.2.tgz",
      "integrity": "sha1-t9ETrueo3Se9IRM8TcJSnfFyHu0="
    },
    "core-js": {
      "version": "https://registry.npmjs.org/core-js/-/core-js-2.5.1.tgz",
      "integrity": "sha1-rmh03GaTd4m4B1T/VCjfZoGcpQs="
    },
    "crc32": {
      "version": "https://registry.npmjs.org/crc32/-/crc32-0.2.2.tgz",
      "integrity": "sha1-etIg1v/c0Rn5/BJ6d3LKzqOQpLo="
    },
    "debug": {
      "version": "https://registry.npmjs.org/debug/-/debug-2.6.8.tgz",
      "integrity": "sha1-5zFTHKLt4n0YgiJCfaF4IdaP9Pw=",
      "requires": {
        "ms": "https://registry.npmjs.org/ms/-/ms-2.0.0.tgz"
      }
    },
    "deepmerge": {
      "version": "https://registry.npmjs.org/deepmerge/-/deepmerge-1.5.2.tgz",
      "integrity": "sha1-EEmdhohEza1P7ghC34x/bwyVp1M="
    },
    "default-user-agent": {
      "version": "https://registry.npmjs.org/default-user-agent/-/default-user-agent-1.0.0.tgz",
      "integrity": "sha1-FsRu/cq6PtxF8k8r1IaLAbfCrcY=",
      "requires": {
        "os-name": "http://registry.npm.taobao.org/os-name/download/os-name-1.0.3.tgz"
      }
    },
    "destroy": {
      "version": "http://registry.npm.taobao.org/destroy/download/destroy-1.0.4.tgz",
      "integrity": "sha1-l4hXRCxEdJ5CBmE+N5RiBYJqvYA="
    },
    "digest-header": {
      "version": "https://registry.npmjs.org/digest-header/-/digest-header-0.0.1.tgz",
      "integrity": "sha1-Ecz23uxXZqw3l0TZAcEsuklRS+Y=",
      "requires": {
        "utility": "https://registry.npmjs.org/utility/-/utility-0.1.11.tgz"
      }
    },
    "ee-first": {
      "version": "http://registry.npm.taobao.org/ee-first/download/ee-first-1.1.1.tgz",
      "integrity": "sha1-WQxhFWsK4vTwJVcyoViyZrxWsh0="
    },
    "electron-json-storage": {
      "version": "https://registry.npmjs.org/electron-json-storage/-/electron-json-storage-3.1.1.tgz",
      "integrity": "sha1-lD68rTgQPUEocBqs1Qmb8K0apn8=",
      "requires": {
        "async": "https://registry.npmjs.org/async/-/async-2.5.0.tgz",
        "lodash": "https://registry.npmjs.org/lodash/-/lodash-4.17.4.tgz",
        "mkdirp": "https://registry.npmjs.org/mkdirp/-/mkdirp-0.5.1.tgz",
        "rimraf": "https://registry.npmjs.org/rimraf/-/rimraf-2.6.2.tgz",
        "rwlock": "https://registry.npmjs.org/rwlock/-/rwlock-5.0.0.tgz"
      }
    },
    "element-resize-detector": {
      "version": "https://registry.npmjs.org/element-resize-detector/-/element-resize-detector-1.1.12.tgz",
      "integrity": "sha1-iz/W7t2hf5wAs2Cg6i35knroC6I=",
      "requires": {
        "batch-processor": "https://registry.npmjs.org/batch-processor/-/batch-processor-1.0.0.tgz"
      }
    },
    "follow-redirects": {
      "version": "https://registry.npmjs.org/follow-redirects/-/follow-redirects-1.2.4.tgz",
      "integrity": "sha1-NV6PTRaHa0P1d7DVziZouXIyFOo=",
      "requires": {
        "debug": "https://registry.npmjs.org/debug/-/debug-2.6.8.tgz"
      }
    },
    "formstream": {
      "version": "https://registry.npmjs.org/formstream/-/formstream-1.1.0.tgz",
      "integrity": "sha1-UfOXDyYTbrCtRDBN5M67UCB7RHk=",
      "requires": {
        "destroy": "http://registry.npm.taobao.org/destroy/download/destroy-1.0.4.tgz",
        "mime": "https://registry.npmjs.org/mime/-/mime-1.3.6.tgz",
        "pause-stream": "https://registry.npmjs.org/pause-stream/-/pause-stream-0.0.11.tgz"
      }
    },
    "fs.realpath": {
      "version": "https://registry.npmjs.org/fs.realpath/-/fs.realpath-1.0.0.tgz",
      "integrity": "sha1-FQStJSMVjKpA20onh8sBQRmU6k8="
    },
    "glob": {
      "version": "https://registry.npmjs.org/glob/-/glob-7.1.2.tgz",
      "integrity": "sha1-wZyd+aAocC1nhhI4SmVSQExjbRU=",
      "requires": {
        "fs.realpath": "https://registry.npmjs.org/fs.realpath/-/fs.realpath-1.0.0.tgz",
        "inflight": "https://registry.npmjs.org/inflight/-/inflight-1.0.6.tgz",
        "inherits": "https://registry.npmjs.org/inherits/-/inherits-2.0.3.tgz",
        "minimatch": "https://registry.npmjs.org/minimatch/-/minimatch-3.0.4.tgz",
        "once": "https://registry.npmjs.org/once/-/once-1.4.0.tgz",
        "path-is-absolute": "https://registry.npmjs.org/path-is-absolute/-/path-is-absolute-1.0.1.tgz"
      }
    },
    "humanize-ms": {
      "version": "https://registry.npmjs.org/humanize-ms/-/humanize-ms-1.2.1.tgz",
      "integrity": "sha1-xG4xWaKT9riW2ikxbYtv6Lt5u+0=",
      "requires": {
        "ms": "https://registry.npmjs.org/ms/-/ms-2.0.0.tgz"
      }
    },
    "iconv-lite": {
      "version": "https://registry.npmjs.org/iconv-lite/-/iconv-lite-0.4.18.tgz",
      "integrity": "sha1-I9hlaxaq5nQqwpcy6o8DNqR4nPI="
    },
    "inflight": {
      "version": "https://registry.npmjs.org/inflight/-/inflight-1.0.6.tgz",
      "integrity": "sha1-Sb1jMdfQLQwJvJEKEHW6gWW1bfk=",
      "requires": {
        "once": "https://registry.npmjs.org/once/-/once-1.4.0.tgz",
        "wrappy": "https://registry.npmjs.org/wrappy/-/wrappy-1.0.2.tgz"
      }
    },
    "inherits": {
      "version": "https://registry.npmjs.org/inherits/-/inherits-2.0.3.tgz",
      "integrity": "sha1-Yzwsg+PaQqUC9SRmAiSA9CCCYd4="
    },
    "is-buffer": {
      "version": "http://registry.npm.taobao.org/is-buffer/download/is-buffer-1.1.5.tgz",
      "integrity": "sha1-Hzsm72E7IUuIy8ojzGwB2Hlh7sw="
    },
    "iview": {
      "version": "https://registry.npmjs.org/iview/-/iview-2.4.0.tgz",
      "integrity": "sha1-k7BgVYHzI/MuMH2Gou+1VG33u2Q=",
      "requires": {
        "async-validator": "https://registry.npmjs.org/async-validator/-/async-validator-1.8.1.tgz",
        "core-js": "https://registry.npmjs.org/core-js/-/core-js-2.5.1.tgz",
        "deepmerge": "https://registry.npmjs.org/deepmerge/-/deepmerge-1.5.2.tgz",
        "element-resize-detector": "https://registry.npmjs.org/element-resize-detector/-/element-resize-detector-1.1.12.tgz",
        "popper.js": "https://registry.npmjs.org/popper.js/-/popper.js-0.6.4.tgz",
        "tinycolor2": "https://registry.npmjs.org/tinycolor2/-/tinycolor2-1.4.1.tgz"
      }
    },
    "lodash": {
      "version": "https://registry.npmjs.org/lodash/-/lodash-4.17.4.tgz",
      "integrity": "sha1-eCA6TRwyiuHYbcpkYONptX9AVa4="
    },
    "mime": {
      "version": "https://registry.npmjs.org/mime/-/mime-1.3.6.tgz",
      "integrity": "sha1-WR2E02U6awtKO5343lqoEI5y5eA="
    },
    "minimatch": {
      "version": "https://registry.npmjs.org/minimatch/-/minimatch-3.0.4.tgz",
      "integrity": "sha1-UWbihkV/AzBgZL5Ul+jbsMPTIIM=",
      "requires": {
        "brace-expansion": "https://registry.npmjs.org/brace-expansion/-/brace-expansion-1.1.8.tgz"
      }
    },
    "minimist": {
      "version": "http://registry.npm.taobao.org/minimist/download/minimist-0.0.8.tgz",
      "integrity": "sha1-hX/Kv8M5fSYluCKCYuhqp6ARsF0="
    },
    "mkdirp": {
      "version": "https://registry.npmjs.org/mkdirp/-/mkdirp-0.5.1.tgz",
      "integrity": "sha1-MAV0OOrGz3+MR2fzhkjWaX11yQM=",
      "requires": {
        "minimist": "http://registry.npm.taobao.org/minimist/download/minimist-0.0.8.tgz"
      }
    },
    "moment": {
      "version": "https://registry.npmjs.org/moment/-/moment-2.18.1.tgz",
      "integrity": "sha1-w2GT3Tzhwu7SrbfIAtu8d6gbHA8="
    },
    "ms": {
      "version": "https://registry.npmjs.org/ms/-/ms-2.0.0.tgz",
      "integrity": "sha1-VgiurfwAvmwpAd9fmGF4jeDVl8g="
    },
    "once": {
      "version": "https://registry.npmjs.org/once/-/once-1.4.0.tgz",
      "integrity": "sha1-WDsap3WWHUsROsF9nFC6753Xa9E=",
      "requires": {
        "wrappy": "https://registry.npmjs.org/wrappy/-/wrappy-1.0.2.tgz"
      }
    },
    "os-name": {
      "version": "http://registry.npm.taobao.org/os-name/download/os-name-1.0.3.tgz",
      "integrity": "sha1-GzefZINa98Wn9JizV8uVIVwVnt8=",
      "requires": {
        "osx-release": "http://registry.npm.taobao.org/osx-release/download/osx-release-1.1.0.tgz",
        "win-release": "http://registry.npm.taobao.org/win-release/download/win-release-1.1.1.tgz"
      }
    },
    "osx-release": {
      "version": "http://registry.npm.taobao.org/osx-release/download/osx-release-1.1.0.tgz",
      "integrity": "sha1-8heRGigTaUmvG/kwiyQeJzfTzWw=",
      "requires": {
        "minimist": "http://registry.npm.taobao.org/minimist/download/minimist-1.2.0.tgz"
      },
      "dependencies": {
        "minimist": {
          "version": "http://registry.npm.taobao.org/minimist/download/minimist-1.2.0.tgz",
          "integrity": "sha1-o1AIsg9BOD7sH7kU9M1d95omQoQ="
        }
      }
    },
    "path-is-absolute": {
      "version": "https://registry.npmjs.org/path-is-absolute/-/path-is-absolute-1.0.1.tgz",
      "integrity": "sha1-F0uSaHNVNP+8es5r9TpanhtcX18="
    },
    "pause-stream": {
      "version": "https://registry.npmjs.org/pause-stream/-/pause-stream-0.0.11.tgz",
      "integrity": "sha1-/lo0sMvOErWqaitAPuLnO2AvFEU=",
      "requires": {
        "through": "https://registry.npmjs.org/through/-/through-2.3.8.tgz"
      }
    },
    "popper.js": {
      "version": "https://registry.npmjs.org/popper.js/-/popper.js-0.6.4.tgz",
      "integrity": "sha1-GDfEdgr1TSuyC2b5wJuSmT2Exik="
    },
    "qiniu": {
      "version": "https://registry.npmjs.org/qiniu/-/qiniu-7.0.8.tgz",
      "integrity": "sha1-TSFhWLal3fZ/GXLik6+NMObdKUs=",
      "requires": {
        "agentkeepalive": "https://registry.npmjs.org/agentkeepalive/-/agentkeepalive-3.3.0.tgz",
        "crc32": "https://registry.npmjs.org/crc32/-/crc32-0.2.2.tgz",
        "formstream": "https://registry.npmjs.org/formstream/-/formstream-1.1.0.tgz",
        "mime": "https://registry.npmjs.org/mime/-/mime-1.3.6.tgz",
        "tunnel-agent": "http://registry.npm.taobao.org/tunnel-agent/download/tunnel-agent-0.6.0.tgz",
        "urlencode": "https://registry.npmjs.org/urlencode/-/urlencode-1.1.0.tgz",
        "urllib": "https://registry.npmjs.org/urllib/-/urllib-2.22.0.tgz"
      }
    },
    "qs": {
      "version": "https://registry.npmjs.org/qs/-/qs-6.5.1.tgz",
      "integrity": "sha1-NJzfbu+J7EXBLX1es/wMhwNDptg="
    },
    "regenerator-runtime": {
      "version": "https://registry.npmjs.org/regenerator-runtime/-/regenerator-runtime-0.11.0.tgz",
      "integrity": "sha1-flT+W1zNXWYk6mJVw0c74JC4AuE="
    },
    "rimraf": {
      "version": "https://registry.npmjs.org/rimraf/-/rimraf-2.6.2.tgz",
      "integrity": "sha1-LtgVDSShbqhlHm1u8PR8QVjOejY=",
      "requires": {
        "glob": "https://registry.npmjs.org/glob/-/glob-7.1.2.tgz"
      }
    },
    "rwlock": {
      "version": "https://registry.npmjs.org/rwlock/-/rwlock-5.0.0.tgz",
      "integrity": "sha1-iI1qd6M1HMGiCSBO8u4XIgk4Ns8="
    },
    "safe-buffer": {
      "version": "https://registry.npmjs.org/safe-buffer/-/safe-buffer-5.1.1.tgz",
      "integrity": "sha1-iTMSr2myEj3vcfV4iQAWce6yyFM="
    },
    "semver": {
      "version": "https://registry.npmjs.org/semver/-/semver-5.4.1.tgz",
      "integrity": "sha1-4FnAnYVx8FQII3M0M1BdOi8AsY4="
    },
    "statuses": {
      "version": "http://registry.npm.taobao.org/statuses/download/statuses-1.3.1.tgz",
      "integrity": "sha1-+vUbnrdKrvOzrPStX2Gr8ky3uT4="
    },
    "through": {
      "version": "https://registry.npmjs.org/through/-/through-2.3.8.tgz",
      "integrity": "sha1-DdTJ/6q8NXlgsbckEV1+Doai4fU="
    },
    "tinycolor2": {
      "version": "https://registry.npmjs.org/tinycolor2/-/tinycolor2-1.4.1.tgz",
      "integrity": "sha1-9PrTM0R7wLB9TcjpIJ2POaisd+g="
    },
    "tunnel-agent": {
      "version": "http://registry.npm.taobao.org/tunnel-agent/download/tunnel-agent-0.6.0.tgz",
      "integrity": "sha1-J6XeoGs2sEoKmWZ3SykIaPD8QP0=",
      "requires": {
        "safe-buffer": "https://registry.npmjs.org/safe-buffer/-/safe-buffer-5.1.1.tgz"
      }
    },
    "urlencode": {
      "version": "https://registry.npmjs.org/urlencode/-/urlencode-1.1.0.tgz",
      "integrity": "sha1-HyuibwE8hfATP3o61v8nMK33y7c=",
      "requires": {
        "iconv-lite": "https://registry.npmjs.org/iconv-lite/-/iconv-lite-0.4.18.tgz"
      }
    },
    "urllib": {
      "version": "https://registry.npmjs.org/urllib/-/urllib-2.22.0.tgz",
      "integrity": "sha1-KWXcSuEnpvtpW32yfTGE8X2Cy0I=",
      "requires": {
        "any-promise": "https://registry.npmjs.org/any-promise/-/any-promise-1.3.0.tgz",
        "content-type": "http://registry.npm.taobao.org/content-type/download/content-type-1.0.2.tgz",
        "debug": "https://registry.npmjs.org/debug/-/debug-2.6.8.tgz",
        "default-user-agent": "https://registry.npmjs.org/default-user-agent/-/default-user-agent-1.0.0.tgz",
        "digest-header": "https://registry.npmjs.org/digest-header/-/digest-header-0.0.1.tgz",
        "ee-first": "http://registry.npm.taobao.org/ee-first/download/ee-first-1.1.1.tgz",
        "humanize-ms": "https://registry.npmjs.org/humanize-ms/-/humanize-ms-1.2.1.tgz",
        "iconv-lite": "https://registry.npmjs.org/iconv-lite/-/iconv-lite-0.4.18.tgz",
        "qs": "https://registry.npmjs.org/qs/-/qs-6.5.1.tgz",
        "statuses": "http://registry.npm.taobao.org/statuses/download/statuses-1.3.1.tgz"
      }
    },
    "utility": {
      "version": "https://registry.npmjs.org/utility/-/utility-0.1.11.tgz",
      "integrity": "sha1-/eYM+bTkdRlHoM9dEEzik2ciZxU=",
      "requires": {
        "address": "https://registry.npmjs.org/address/-/address-1.0.3.tgz"
      }
    },
    "vue": {
      "version": "https://registry.npmjs.org/vue/-/vue-2.4.4.tgz",
      "integrity": "sha1-6pVQuWpxRl/SuLF7YWc7NWGGF4k="
    },
    "vue-electron": {
      "version": "https://registry.npmjs.org/vue-electron/-/vue-electron-1.0.6.tgz",
      "integrity": "sha1-55jgMYC4kzU53v4x+S5TuSQrlAY="
    },
    "vue-router": {
      "version": "https://registry.npmjs.org/vue-router/-/vue-router-2.7.0.tgz",
      "integrity": "sha1-FtQkSTqlHDyMzot8chDqTDqJr/E="
    },
    "vuex": {
      "version": "https://registry.npmjs.org/vuex/-/vuex-2.4.1.tgz",
      "integrity": "sha1-eJC2ULqFZbcJN7TnZwV3CC3+i8E="
    },
    "win-release": {
      "version": "http://registry.npm.taobao.org/win-release/download/win-release-1.1.1.tgz",
      "integrity": "sha1-X6VeAr58qTTt/BJmVjLoSbcuUgk=",
      "requires": {
        "semver": "https://registry.npmjs.org/semver/-/semver-5.4.1.tgz"
      }
    },
    "wrappy": {
      "version": "https://registry.npmjs.org/wrappy/-/wrappy-1.0.2.tgz",
      "integrity": "sha1-tSQ9jz7BqjXxNkYFvA0QNuMKtp8="
    }
  }
}
